
Microsoft Visual Studio Solution File, Format Version 12.00
# Visual Studio Version 17
VisualStudioVersion = 17.0.31903.59
MinimumVisualStudioVersion = 10.0.40219.1
Project("{2150E333-8FDC-42A3-9474-1A3956D46DE8}") = "src", "src", "{827E0CD3-B72D-47B6-A68D-7590B98EB39B}"
EndProject
Project("{FAE04EC0-301F-11D3-BF4B-00C04F79EFBC}") = "Google.GenAI", "src\Google.GenAI\Google.GenAI.csproj", "{BE9BC6A0-0980-4801-96E2-2897D2EDF136}"
EndProject
Project("{2150E333-8FDC-42A3-9474-1A3956D46DE8}") = "samples", "samples", "{5D20AA90-6969-D8BD-9DCD-8634F4692FDA}"
EndProject
Project("{FAE04EC0-301F-11D3-BF4B-00C04F79EFBC}") = "QuickStart", "samples\QuickStart\QuickStart.csproj", "{50676BB3-4375-45F5-99E8-2225EEA403AB}"
EndProject
Global
	GlobalSection(SolutionConfigurationPlatforms) = preSolution
		Debug|Any CPU = Debug|Any CPU
		Debug|x64 = Debug|x64
		Debug|x86 = Debug|x86
		Release|Any CPU = Release|Any CPU
		Release|x64 = Release|x64
		Release|x86 = Release|x86
	EndGlobalSection
	GlobalSection(ProjectConfigurationPlatforms) = postSolution
		{BE9BC6A0-0980-4801-96E2-2897D2EDF136}.Debug|Any CPU.ActiveCfg = Debug|Any CPU
		{BE9BC6A0-0980-4801-96E2-2897D2EDF136}.Debug|Any CPU.Build.0 = Debug|Any CPU
		{BE9BC6A0-0980-4801-96E2-2897D2EDF136}.Debug|x64.ActiveCfg = Debug|Any CPU
		{BE9BC6A0-0980-4801-96E2-2897D2EDF136}.Debug|x64.Build.0 = Debug|Any CPU
		{BE9BC6A0-0980-4801-96E2-2897D2EDF136}.Debug|x86.ActiveCfg = Debug|Any CPU
		{BE9BC6A0-0980-4801-96E2-2897D2EDF136}.Debug|x86.Build.0 = Debug|Any CPU
		{BE9BC6A0-0980-4801-96E2-2897D2EDF136}.Release|Any CPU.ActiveCfg = Release|Any CPU
		{BE9BC6A0-0980-4801-96E2-2897D2EDF136}.Release|Any CPU.Build.0 = Release|Any CPU
		{BE9BC6A0-0980-4801-96E2-2897D2EDF136}.Release|x64.ActiveCfg = Release|Any CPU
		{BE9BC6A0-0980-4801-96E2-2897D2EDF136}.Release|x64.Build.0 = Release|Any CPU
		{BE9BC6A0-0980-4801-96E2-2897D2EDF136}.Release|x86.ActiveCfg = Release|Any CPU
		{BE9BC6A0-0980-4801-96E2-2897D2EDF136}.Release|x86.Build.0 = Release|Any CPU
		{50676BB3-4375-45F5-99E8-2225EEA403AB}.Debug|Any CPU.ActiveCfg = Debug|Any CPU
		{50676BB3-4375-45F5-99E8-2225EEA403AB}.Debug|Any CPU.Build.0 = Debug|Any CPU
		{50676BB3-4375-45F5-99E8-2225EEA403AB}.Debug|x64.ActiveCfg = Debug|Any CPU
		{50676BB3-4375-45F5-99E8-2225EEA403AB}.Debug|x64.Build.0 = Debug|Any CPU
		{50676BB3-4375-45F5-99E8-2225EEA403AB}.Debug|x86.ActiveCfg = Debug|Any CPU
		{50676BB3-4375-45F5-99E8-2225EEA403AB}.Debug|x86.Build.0 = Debug|Any CPU
		{50676BB3-4375-45F5-99E8-2225EEA403AB}.Release|Any CPU.ActiveCfg = Release|Any CPU
		{50676BB3-4375-45F5-99E8-2225EEA403AB}.Release|Any CPU.Build.0 = Release|Any CPU
		{50676BB3-4375-45F5-99E8-2225EEA403AB}.Release|x64.ActiveCfg = Release|Any CPU
		{50676BB3-4375-45F5-99E8-2225EEA403AB}.Release|x64.Build.0 = Release|Any CPU
		{50676BB3-4375-45F5-99E8-2225EEA403AB}.Release|x86.ActiveCfg = Release|Any CPU
		{50676BB3-4375-45F5-99E8-2225EEA403AB}.Release|x86.Build.0 = Release|Any CPU
	EndGlobalSection
	GlobalSection(SolutionProperties) = preSolution
		HideSolutionNode = FALSE
	EndGlobalSection
	GlobalSection(NestedProjects) = preSolution
		{BE9BC6A0-0980-4801-96E2-2897D2EDF136} = {827E0CD3-B72D-47B6-A68D-7590B98EB39B}
		{50676BB3-4375-45F5-99E8-2225EEA403AB} = {5D20AA90-6969-D8BD-9DCD-8634F4692FDA}
	EndGlobalSection
EndGlobal
